lockfileVersion: 5.4

specifiers:
  '@types/react': ^18.0.18
  esbuild: ^0.15.6
  react: ^18.2.0

dependencies:
  react: registry.npmjs.org/react/18.2.0

devDependencies:
  '@types/react': registry.npmjs.org/@types/react/18.0.18
  esbuild: registry.npmjs.org/esbuild/0.15.6

packages:

  registry.npmjs.org/@esbuild/linux-loong64/0.15.6:
    resolution: {integrity: sha512-hqmVU2mUjH6J2ZivHphJ/Pdse2ZD+uGCHK0uvsiLDk/JnSedEVj77CiVUnbMKuU4tih1TZZL8tG9DExQg/GZsw==, registry: https://registry.yarnpkg.com/, tarball: https://registry.npmjs.org/@esbuild/linux-loong64/-/linux-loong64-0.15.6.tgz}
    name: '@esbuild/linux-loong64'
    version: 0.15.6
    engines: {node: '>=12'}
    cpu: [loong64]
    os: [linux]
    requiresBuild: true
    dev: true
    optional: true

  registry.npmjs.org/@types/prop-types/15.7.5:
    resolution: {integrity: sha512-JCB8C6SnDoQf0cNycqd/35A7MjcnK+ZTqE7judS6o7utxUCg6imJg3QK2qzHKszlTjcj2cn+NwMB2i96ubpj7w==, registry: https://registry.yarnpkg.com/, tarball: https://registry.npmjs.org/@types/prop-types/-/prop-types-15.7.5.tgz}
    name: '@types/prop-types'
    version: 15.7.5
    dev: true

  registry.npmjs.org/@types/react/18.0.18:
    resolution: {integrity: sha512-6hI08umYs6NaiHFEEGioXnxJ+oEhY3eRz8VCUaudZmGdtvPviCJB8mgaMxaDWAdPSYd4eFavrPk2QIolwbLYrg==, registry: https://registry.yarnpkg.com/, tarball: https://registry.npmjs.org/@types/react/-/react-18.0.18.tgz}
    name: '@types/react'
    version: 18.0.18
    dependencies:
      '@types/prop-types': registry.npmjs.org/@types/prop-types/15.7.5
      '@types/scheduler': registry.npmjs.org/@types/scheduler/0.16.2
      csstype: registry.npmjs.org/csstype/3.1.0
    dev: true

  registry.npmjs.org/@types/scheduler/0.16.2:
    resolution: {integrity: sha512-hppQEBDmlwhFAXKJX2KnWLYu5yMfi91yazPb2l+lbJiwW+wdo1gNeRA+3RgNSO39WYX2euey41KEwnqesU2Jew==, registry: https://registry.yarnpkg.com/, tarball: https://registry.npmjs.org/@types/scheduler/-/scheduler-0.16.2.tgz}
    name: '@types/scheduler'
    version: 0.16.2
    dev: true

  registry.npmjs.org/csstype/3.1.0:
    resolution: {integrity: sha512-uX1KG+x9h5hIJsaKR9xHUeUraxf8IODOwq9JLNPq6BwB04a/xgpq3rcx47l5BZu5zBPlgD342tdke3Hom/nJRA==, registry: https://registry.yarnpkg.com/, tarball: https://registry.npmjs.org/csstype/-/csstype-3.1.0.tgz}
    name: csstype
    version: 3.1.0
    dev: true

  registry.npmjs.org/esbuild-android-64/0.15.6:
    resolution: {integrity: sha512-Z1CHSgB1crVQi2LKSBwSkpaGtaloVz0ZIYcRMsvHc3uSXcR/x5/bv9wcZspvH/25lIGTaViosciS/NS09ERmVA==, registry: https://registry.yarnpkg.com/, tarball: https://registry.npmjs.org/esbuild-android-64/-/esbuild-android-64-0.15.6.tgz}
    name: esbuild-android-64
    version: 0.15.6
    engines: {node: '>=12'}
    cpu: [x64]
    os: [android]
    requiresBuild: true
    dev: true
    optional: true

  registry.npmjs.org/esbuild-android-arm64/0.15.6:
    resolution: {integrity: sha512-mvM+gqNxqKm2pCa3dnjdRzl7gIowuc4ga7P7c3yHzs58Im8v/Lfk1ixSgQ2USgIywT48QWaACRa3F4MG7djpSw==, registry: https://registry.yarnpkg.com/, tarball: https://registry.npmjs.org/esbuild-android-arm64/-/esbuild-android-arm64-0.15.6.tgz}
    name: esbuild-android-arm64
    version: 0.15.6
    engines: {node: '>=12'}
    cpu: [arm64]
    os: [android]
    requiresBuild: true
    dev: true
    optional: true

  registry.npmjs.org/esbuild-darwin-64/0.15.6:
    resolution: {integrity: sha512-BsfVt3usScAfGlXJiGtGamwVEOTM8AiYiw1zqDWhGv6BncLXCnTg1As+90mxWewdTZKq3iIy8s9g8CKkrrAXVw==, registry: https://registry.yarnpkg.com/, tarball: https://registry.npmjs.org/esbuild-darwin-64/-/esbuild-darwin-64-0.15.6.tgz}
    name: esbuild-darwin-64
    version: 0.15.6
    engines: {node: '>=12'}
    cpu: [x64]
    os: [darwin]
    requiresBuild: true
    dev: true
    optional: true

  registry.npmjs.org/esbuild-darwin-arm64/0.15.6:
    resolution: {integrity: sha512-CnrAeJaEpPakUobhqO4wVSA4Zm6TPaI5UY4EsI62j9mTrjIyQPXA1n4Ju6Iu5TVZRnEqV6q8blodgYJ6CJuwCA==, registry: https://registry.yarnpkg.com/, tarball: https://registry.npmjs.org/esbuild-darwin-arm64/-/esbuild-darwin-arm64-0.15.6.tgz}
    name: esbuild-darwin-arm64
    version: 0.15.6
    engines: {node: '>=12'}
    cpu: [arm64]
    os: [darwin]
    requiresBuild: true
    dev: true
    optional: true

  registry.npmjs.org/esbuild-freebsd-64/0.15.6:
    resolution: {integrity: sha512-+qFdmqi+jkAsxsNJkaWVrnxEUUI50nu6c3MBVarv3RCDCbz7ZS1a4ZrdkwEYFnKcVWu6UUE0Kkb1SQ1yGEG6sg==, registry: https://registry.yarnpkg.com/, tarball: https://registry.npmjs.org/esbuild-freebsd-64/-/esbuild-freebsd-64-0.15.6.tgz}
    name: esbuild-freebsd-64
    version: 0.15.6
    engines: {node: '>=12'}
    cpu: [x64]
    os: [freebsd]
    requiresBuild: true
    dev: true
    optional: true

  registry.npmjs.org/esbuild-freebsd-arm64/0.15.6:
    resolution: {integrity: sha512-KtQkQOhnNciXm2yrTYZMD3MOm2zBiiwFSU+dkwNbcfDumzzUprr1x70ClTdGuZwieBS1BM/k0KajRQX7r504Xw==, registry: https://registry.yarnpkg.com/, tarball: https://registry.npmjs.org/esbuild-freebsd-arm64/-/esbuild-freebsd-arm64-0.15.6.tgz}
    name: esbuild-freebsd-arm64
    version: 0.15.6
    engines: {node: '>=12'}
    cpu: [arm64]
    os: [freebsd]
    requiresBuild: true
    dev: true
    optional: true

  registry.npmjs.org/esbuild-linux-32/0.15.6:
    resolution: {integrity: sha512-IAkDNz3TpxwISTGVdQijwyHBZrbFgLlRi5YXcvaEHtgbmayLSDcJmH5nV1MFgo/x2QdKcHBkOYHdjhKxUAcPwg==, registry: https://registry.yarnpkg.com/, tarball: https://registry.npmjs.org/esbuild-linux-32/-/esbuild-linux-32-0.15.6.tgz}
    name: esbuild-linux-32
    version: 0.15.6
    engines: {node: '>=12'}
    cpu: [ia32]
    os: [linux]
    requiresBuild: true
    dev: true
    optional: true

  registry.npmjs.org/esbuild-linux-64/0.15.6:
    resolution: {integrity: sha512-gQPksyrEYfA4LJwyfTQWAZaVZCx4wpaLrSzo2+Xc9QLC+i/sMWmX31jBjrn4nLJCd79KvwCinto36QC7BEIU/A==, registry: https://registry.yarnpkg.com/, tarball: https://registry.npmjs.org/esbuild-linux-64/-/esbuild-linux-64-0.15.6.tgz}
    name: esbuild-linux-64
    version: 0.15.6
    engines: {node: '>=12'}
    cpu: [x64]
    os: [linux]
    requiresBuild: true
    dev: true
    optional: true

  registry.npmjs.org/esbuild-linux-arm/0.15.6:
    resolution: {integrity: sha512-xZ0Bq2aivsthDjA/ytQZzxrxIZbG0ATJYMJxNeOIBc1zUjpbVpzBKgllOZMsTSXMHFHGrow6TnCcgwqY0+oEoQ==, registry: https://registry.yarnpkg.com/, tarball: https://registry.npmjs.org/esbuild-linux-arm/-/esbuild-linux-arm-0.15.6.tgz}
    name: esbuild-linux-arm
    version: 0.15.6
    engines: {node: '>=12'}
    cpu: [arm]
    os: [linux]
    requiresBuild: true
    dev: true
    optional: true

  registry.npmjs.org/esbuild-linux-arm64/0.15.6:
    resolution: {integrity: sha512-aovDkclFa6C9EdZVBuOXxqZx83fuoq8097xZKhEPSygwuy4Lxs8J4anHG7kojAsR+31lfUuxzOo2tHxv7EiNHA==, registry: https://registry.yarnpkg.com/, tarball: https://registry.npmjs.org/esbuild-linux-arm64/-/esbuild-linux-arm64-0.15.6.tgz}
    name: esbuild-linux-arm64
    version: 0.15.6
    engines: {node: '>=12'}
    cpu: [arm64]
    os: [linux]
    requiresBuild: true
    dev: true
    optional: true

  registry.npmjs.org/esbuild-linux-mips64le/0.15.6:
    resolution: {integrity: sha512-wVpW8wkWOGizsCqCwOR/G3SHwhaecpGy3fic9BF1r7vq4djLjUcA8KunDaBCjJ6TgLQFhJ98RjDuyEf8AGjAvw==, registry: https://registry.yarnpkg.com/, tarball: https://registry.npmjs.org/esbuild-linux-mips64le/-/esbuild-linux-mips64le-0.15.6.tgz}
    name: esbuild-linux-mips64le
    version: 0.15.6
    engines: {node: '>=12'}
    cpu: [mips64el]
    os: [linux]
    requiresBuild: true
    dev: true
    optional: true

  registry.npmjs.org/esbuild-linux-ppc64le/0.15.6:
    resolution: {integrity: sha512-z6w6gsPH/Y77uchocluDC8tkCg9rfkcPTePzZKNr879bF4tu7j9t255wuNOCE396IYEGxY7y8u2HJ9i7kjCLVw==, registry: https://registry.yarnpkg.com/, tarball: https://registry.npmjs.org/esbuild-linux-ppc64le/-/esbuild-linux-ppc64le-0.15.6.tgz}
    name: esbuild-linux-ppc64le
    version: 0.15.6
    engines: {node: '>=12'}
    cpu: [ppc64]
    os: [linux]
    requiresBuild: true
    dev: true
    optional: true

  registry.npmjs.org/esbuild-linux-riscv64/0.15.6:
    resolution: {integrity: sha512-pfK/3MJcmbfU399TnXW5RTPS1S+ID6ra+CVj9TFZ2s0q9Ja1F5A1VirUUvViPkjiw+Kq3zveyn6U09Wg1zJXrw==, registry: https://registry.yarnpkg.com/, tarball: https://registry.npmjs.org/esbuild-linux-riscv64/-/esbuild-linux-riscv64-0.15.6.tgz}
    name: esbuild-linux-riscv64
    version: 0.15.6
    engines: {node: '>=12'}
    cpu: [riscv64]
    os: [linux]
    requiresBuild: true
    dev: true
    optional: true

  registry.npmjs.org/esbuild-linux-s390x/0.15.6:
    resolution: {integrity: sha512-OZeeDu32liefcwAE63FhVqM4heWTC8E3MglOC7SK0KYocDdY/6jyApw0UDkDHlcEK9mW6alX/SH9r3PDjcCo/Q==, registry: https://registry.yarnpkg.com/, tarball: https://registry.npmjs.org/esbuild-linux-s390x/-/esbuild-linux-s390x-0.15.6.tgz}
    name: esbuild-linux-s390x
    version: 0.15.6
    engines: {node: '>=12'}
    cpu: [s390x]
    os: [linux]
    requiresBuild: true
    dev: true
    optional: true

  registry.npmjs.org/esbuild-netbsd-64/0.15.6:
    resolution: {integrity: sha512-kaxw61wcHMyiEsSsi5ut1YYs/hvTC2QkxJwyRvC2Cnsz3lfMLEu8zAjpBKWh9aU/N0O/gsRap4wTur5GRuSvBA==, registry: https://registry.yarnpkg.com/, tarball: https://registry.npmjs.org/esbuild-netbsd-64/-/esbuild-netbsd-64-0.15.6.tgz}
    name: esbuild-netbsd-64
    version: 0.15.6
    engines: {node: '>=12'}
    cpu: [x64]
    os: [netbsd]
    requiresBuild: true
    dev: true
    optional: true

  registry.npmjs.org/esbuild-openbsd-64/0.15.6:
    resolution: {integrity: sha512-CuoY60alzYfIZapUHqFXqXbj88bbRJu8Fp9okCSHRX2zWIcGz4BXAHXiG7dlCye5nFVrY72psesLuWdusyf2qw==, registry: https://registry.yarnpkg.com/, tarball: https://registry.npmjs.org/esbuild-openbsd-64/-/esbuild-openbsd-64-0.15.6.tgz}
    name: esbuild-openbsd-64
    version: 0.15.6
    engines: {node: '>=12'}
    cpu: [x64]
    os: [openbsd]
    requiresBuild: true
    dev: true
    optional: true

  registry.npmjs.org/esbuild-sunos-64/0.15.6:
    resolution: {integrity: sha512-1ceefLdPWcd1nW/ZLruPEYxeUEAVX0YHbG7w+BB4aYgfknaLGotI/ZvPWUZpzhC8l1EybrVlz++lm3E6ODIJOg==, registry: https://registry.yarnpkg.com/, tarball: https://registry.npmjs.org/esbuild-sunos-64/-/esbuild-sunos-64-0.15.6.tgz}
    name: esbuild-sunos-64
    version: 0.15.6
    engines: {node: '>=12'}
    cpu: [x64]
    os: [sunos]
    requiresBuild: true
    dev: true
    optional: true

  registry.npmjs.org/esbuild-windows-32/0.15.6:
    resolution: {integrity: sha512-pBqdOsKqCD5LRYiwF29PJRDJZi7/Wgkz46u3d17MRFmrLFcAZDke3nbdDa1c8YgY78RiemudfCeAemN8EBlIpA==, registry: https://registry.yarnpkg.com/, tarball: https://registry.npmjs.org/esbuild-windows-32/-/esbuild-windows-32-0.15.6.tgz}
    name: esbuild-windows-32
    version: 0.15.6
    engines: {node: '>=12'}
    cpu: [ia32]
    os: [win32]
    requiresBuild: true
    dev: true
    optional: true

  registry.npmjs.org/esbuild-windows-64/0.15.6:
    resolution: {integrity: sha512-KpPOh4aTOo//g9Pk2oVAzXMpc9Sz9n5A9sZTmWqDSXCiiachfFhbuFlsKBGATYCVitXfmBIJ4nNYYWSOdz4hQg==, registry: https://registry.yarnpkg.com/, tarball: https://registry.npmjs.org/esbuild-windows-64/-/esbuild-windows-64-0.15.6.tgz}
    name: esbuild-windows-64
    version: 0.15.6
    engines: {node: '>=12'}
    cpu: [x64]
    os: [win32]
    requiresBuild: true
    dev: true
    optional: true

  registry.npmjs.org/esbuild-windows-arm64/0.15.6:
    resolution: {integrity: sha512-DB3G2x9OvFEa00jV+OkDBYpufq5x/K7a6VW6E2iM896DG4ZnAvJKQksOsCPiM1DUaa+DrijXAQ/ZOcKAqf/3Hg==, registry: https://registry.yarnpkg.com/, tarball: https://registry.npmjs.org/esbuild-windows-arm64/-/esbuild-windows-arm64-0.15.6.tgz}
    name: esbuild-windows-arm64
    version: 0.15.6
    engines: {node: '>=12'}
    cpu: [arm64]
    os: [win32]
    requiresBuild: true
    dev: true
    optional: true

  registry.npmjs.org/esbuild/0.15.6:
    resolution: {integrity: sha512-sgLOv3l4xklvXzzczhRwKRotyrfyZ2i1fCS6PTOLPd9wevDPArGU8HFtHrHCOcsMwTjLjzGm15gvC8uxVzQf+w==, registry: https://registry.yarnpkg.com/, tarball: https://registry.npmjs.org/esbuild/-/esbuild-0.15.6.tgz}
    name: esbuild
    version: 0.15.6
    engines: {node: '>=12'}
    hasBin: true
    requiresBuild: true
    optionalDependencies:
      '@esbuild/linux-loong64': registry.npmjs.org/@esbuild/linux-loong64/0.15.6
      esbuild-android-64: registry.npmjs.org/esbuild-android-64/0.15.6
      esbuild-android-arm64: registry.npmjs.org/esbuild-android-arm64/0.15.6
      esbuild-darwin-64: registry.npmjs.org/esbuild-darwin-64/0.15.6
      esbuild-darwin-arm64: registry.npmjs.org/esbuild-darwin-arm64/0.15.6
      esbuild-freebsd-64: registry.npmjs.org/esbuild-freebsd-64/0.15.6
      esbuild-freebsd-arm64: registry.npmjs.org/esbuild-freebsd-arm64/0.15.6
      esbuild-linux-32: registry.npmjs.org/esbuild-linux-32/0.15.6
      esbuild-linux-64: registry.npmjs.org/esbuild-linux-64/0.15.6
      esbuild-linux-arm: registry.npmjs.org/esbuild-linux-arm/0.15.6
      esbuild-linux-arm64: registry.npmjs.org/esbuild-linux-arm64/0.15.6
      esbuild-linux-mips64le: registry.npmjs.org/esbuild-linux-mips64le/0.15.6
      esbuild-linux-ppc64le: registry.npmjs.org/esbuild-linux-ppc64le/0.15.6
      esbuild-linux-riscv64: registry.npmjs.org/esbuild-linux-riscv64/0.15.6
      esbuild-linux-s390x: registry.npmjs.org/esbuild-linux-s390x/0.15.6
      esbuild-netbsd-64: registry.npmjs.org/esbuild-netbsd-64/0.15.6
      esbuild-openbsd-64: registry.npmjs.org/esbuild-openbsd-64/0.15.6
      esbuild-sunos-64: registry.npmjs.org/esbuild-sunos-64/0.15.6
      esbuild-windows-32: registry.npmjs.org/esbuild-windows-32/0.15.6
      esbuild-windows-64: registry.npmjs.org/esbuild-windows-64/0.15.6
      esbuild-windows-arm64: registry.npmjs.org/esbuild-windows-arm64/0.15.6
    dev: true

  registry.npmjs.org/js-tokens/4.0.0:
    resolution: {integrity: sha512-RdJUflcE3cUzKiMqQgsCu06FPu9UdIJO0beYbPhHN4k6apgJtifcoCtT9bcxOpYBtpD2kCM6Sbzg4CausW/PKQ==, registry: https://registry.yarnpkg.com/, tarball: https://registry.npmjs.org/js-tokens/-/js-tokens-4.0.0.tgz}
    name: js-tokens
    version: 4.0.0
    dev: false

  registry.npmjs.org/loose-envify/1.4.0:
    resolution: {integrity: sha512-lyuxPGr/Wfhrlem2CL/UcnUc1zcqKAImBDzukY7Y5F/yQiNdko6+fRLevlw1HgMySw7f611UIY408EtxRSoK3Q==, registry: https://registry.yarnpkg.com/, tarball: https://registry.npmjs.org/loose-envify/-/loose-envify-1.4.0.tgz}
    name: loose-envify
    version: 1.4.0
    hasBin: true
    dependencies:
      js-tokens: registry.npmjs.org/js-tokens/4.0.0
    dev: false

  registry.npmjs.org/react/18.2.0:
    resolution: {integrity: sha512-/3IjMdb2L9QbBdWiW5e3P2/npwMBaU9mHCSCUzNln0ZCYbcfTsGbTJrU/kGemdH2IWmB2ioZ+zkxtmq6g09fGQ==, registry: https://registry.yarnpkg.com/, tarball: https://registry.npmjs.org/react/-/react-18.2.0.tgz}
    name: react
    version: 18.2.0
    engines: {node: '>=0.10.0'}
    dependencies:
      loose-envify: registry.npmjs.org/loose-envify/1.4.0
    dev: false
